dependencies:
- name: metrics-server
  repository: https://kubernetes-sigs.github.io/metrics-server
  version: 3.11.0
- name: ocean-network-client
  repository: https://charts.spot.io
  version: 1.0.18
- name: ocean-metric-exporter
  repository: https://charts.spot.io
  version: 1.0.10
digest: sha256:11b152de1606b8d323e1bf9acda3c4f8a1f80f46a61e508cf1f2d6dc9ffc5567
generated: "2024-03-13T15:21:57.314895308Z"
