dependencies:
- name: operator
  repository: ""
  version: 0.1.*
- name: controller
  repository: ""
  version: 1.1.*
- name: metrics-server
  repository: https://charts.helm.sh/stable
  version: 2.11.2
digest: sha256:0421abfb5e922479bab4dd6ca47719455662bb83da45191157c77893ffd26e1e
generated: "2020-10-29T14:37:53.220535+02:00"
