dependencies:
- name: operator
  repository: ""
  version: 0.1.*
- name: controller
  repository: ""
  version: 1.1.*
- name: metrics-server
  repository: https://kubernetes-charts.storage.googleapis.com
  version: 2.11.2
digest: sha256:98dd07b1603b7ee637b76c01bd9f5c2265ff3e18e20c211fe68ac73cf6ea1242
generated: "2020-09-08T20:32:57.354423+03:00"
